
Microsoft Visual Studio Solution File, Format Version 12.00
# Visual Studio Version 17
VisualStudioVersion = 17.9.34902.65
MinimumVisualStudioVersion = 10.0.40219.1
Project("{FAE04EC0-301F-11D3-BF4B-00C04F79EFBC}") = "RestaurantSystem", "RestaurantSystem\RestaurantSystem.csproj", "{CEDB67D4-B28E-4212-975E-21D38EB3C075}"
EndProject
Global
	GlobalSection(SolutionConfigurationPlatforms) = preSolution
		Debug|Any CPU = Debug|Any CPU
		Release|Any CPU = Release|Any CPU
	EndGlobalSection
	GlobalSection(ProjectConfigurationPlatforms) = postSolution
		{CEDB67D4-B28E-4212-975E-21D38EB3C075}.Debug|Any CPU.ActiveCfg = Debug|Any CPU
		{CEDB67D4-B28E-4212-975E-21D38EB3C075}.Debug|Any CPU.Build.0 = Debug|Any CPU
		{CEDB67D4-B28E-4212-975E-21D38EB3C075}.Release|Any CPU.ActiveCfg = Release|Any CPU
		{CEDB67D4-B28E-4212-975E-21D38EB3C075}.Release|Any CPU.Build.0 = Release|Any CPU
	EndGlobalSection
	GlobalSection(SolutionProperties) = preSolution
		HideSolutionNode = FALSE
	EndGlobalSection
	GlobalSection(ExtensibilityGlobals) = postSolution
		SolutionGuid = {8811ED28-8484-466E-834E-4F3C5F4AAF6F}
	EndGlobalSection
EndGlobal
